
Microsoft Visual Studio Solution File, Format Version 12.00
# Visual Studio Version 17
VisualStudioVersion = 17.11.35125.118
MinimumVisualStudioVersion = 10.0.40219.1
Project("{FAE04EC0-301F-11D3-BF4B-00C04F79EFBC}") = "UploadFileAzureBlobStorage", "UploadFileAzureBlobStorage\UploadFileAzureBlobStorage.csproj", "{0710DF3D-4EA0-4DBD-87B8-A289344C3EB1}"
EndProject
Global
	GlobalSection(SolutionConfigurationPlatforms) = preSolution
		Debug|Any CPU = Debug|Any CPU
		Release|Any CPU = Release|Any CPU
	EndGlobalSection
	GlobalSection(ProjectConfigurationPlatforms) = postSolution
		{0710DF3D-4EA0-4DBD-87B8-A289344C3EB1}.Debug|Any CPU.ActiveCfg = Debug|Any CPU
		{0710DF3D-4EA0-4DBD-87B8-A289344C3EB1}.Debug|Any CPU.Build.0 = Debug|Any CPU
		{0710DF3D-4EA0-4DBD-87B8-A289344C3EB1}.Release|Any CPU.ActiveCfg = Release|Any CPU
		{0710DF3D-4EA0-4DBD-87B8-A289344C3EB1}.Release|Any CPU.Build.0 = Release|Any CPU
	EndGlobalSection
	GlobalSection(SolutionProperties) = preSolution
		HideSolutionNode = FALSE
	EndGlobalSection
	GlobalSection(ExtensibilityGlobals) = postSolution
		SolutionGuid = {14E733D5-F7B1-490C-9987-E3BC255AEC80}
	EndGlobalSection
EndGlobal
